
Microsoft Visual Studio Solution File, Format Version 12.00
# Visual Studio Version 16
VisualStudioVersion = 16.0.809.8
MinimumVisualStudioVersion = 10.0.40219.1
Project("{2150E333-8FDC-42A3-9474-1A3956D46DE8}") = "Services", "Services", "{FA6FC1EB-1DF3-4425-A663-792B6AED8A62}"
EndProject
Project("{2150E333-8FDC-42A3-9474-1A3956D46DE8}") = "Catalog", "Catalog", "{9E98C9EF-F2C5-427B-A95A-F0C957271225}"
EndProject
Project("{FAE04EC0-301F-11D3-BF4B-00C04F79EFBC}") = "Catalog.API", "Services\Catalog\Catalog.API\Catalog.API.csproj", "{FCB594BF-1078-4EC2-8DFE-B49694BE1B93}"
EndProject
Project("{E53339B2-1760-4266-BCC7-CA923CBCF16C}") = "docker-compose", "docker-compose.dcproj", "{852C93C1-3012-425A-8FD7-59092E7D15AF}"
EndProject
Project("{2150E333-8FDC-42A3-9474-1A3956D46DE8}") = "Basket", "Basket", "{E80A8CAD-9F44-499B-915A-158CB0BC2963}"
EndProject
Project("{FAE04EC0-301F-11D3-BF4B-00C04F79EFBC}") = "Basket.API", "Services\Basket\Basket.API\Basket.API.csproj", "{2902EB92-BB68-4727-8A62-BF09C6C6C780}"
EndProject
Project("{2150E333-8FDC-42A3-9474-1A3956D46DE8}") = "Discount", "Discount", "{8984E0FF-700E-48D5-8272-28E211FDC100}"
EndProject
Project("{FAE04EC0-301F-11D3-BF4B-00C04F79EFBC}") = "Discount.API", "Services\Discount\Discount.API\Discount.API.csproj", "{88F310C9-2D83-4989-995F-48161D08B920}"
EndProject
Project("{2150E333-8FDC-42A3-9474-1A3956D46DE8}") = "ApiGateways", "ApiGateways", "{7F231C01-9F2D-4C4E-9822-E786889F001C}"
EndProject
Project("{2150E333-8FDC-42A3-9474-1A3956D46DE8}") = "ApiGateway.Web", "ApiGateway.Web", "{D9EFA270-32A8-4E21-A4ED-9A6876900ACF}"
EndProject
Project("{2150E333-8FDC-42A3-9474-1A3956D46DE8}") = "ApiGateway.Mobile", "ApiGateway.Mobile", "{A7011819-1D31-4A39-B2E0-22D76667F96D}"
EndProject
Project("{FAE04EC0-301F-11D3-BF4B-00C04F79EFBC}") = "OcelotApiGateway.Web", "ApiGateways\ApiGateway.Web\OcelotApiGateway.Web\OcelotApiGateway.Web.csproj", "{19C75657-C44F-46D8-BFB2-DFD4B2E60E0F}"
EndProject
Project("{FAE04EC0-301F-11D3-BF4B-00C04F79EFBC}") = "OcelotApiGateway.Mobile", "ApiGateways\ApiGateway.Mobile\OcelotApiGateway.Mobile\OcelotApiGateway.Mobile.csproj", "{70A581A0-C79B-4C5E-9FD6-B02BD4066777}"
EndProject
Project("{FAE04EC0-301F-11D3-BF4B-00C04F79EFBC}") = "Discount.Grpc", "Services\Discount\Discount.Grpc\Discount.Grpc.csproj", "{DD8FA82B-4D4F-40AE-A5A0-570ABFF10EE9}"
EndProject
Project("{2150E333-8FDC-42A3-9474-1A3956D46DE8}") = "Ordering", "Ordering", "{592A9251-0154-4FBA-AEE2-D21DCB1948AE}"
EndProject
Project("{FAE04EC0-301F-11D3-BF4B-00C04F79EFBC}") = "Ordering.Domain", "Services\Ordering\Ordering.Domain\Ordering.Domain.csproj", "{20242006-A3FA-4B8C-AB98-2CEB40BF57A4}"
EndProject
Project("{FAE04EC0-301F-11D3-BF4B-00C04F79EFBC}") = "Ordering.Application", "Services\Ordering\Ordering.Application\Ordering.Application.csproj", "{A7D6BDC7-B732-4FAF-8CEB-C42E348FF135}"
EndProject
Project("{FAE04EC0-301F-11D3-BF4B-00C04F79EFBC}") = "Ordering.Infrastructure", "Services\Ordering\Ordering.Infrastructure\Ordering.Infrastructure.csproj", "{88286D6A-FD6B-4013-8C4C-DBF3A25F5140}"
EndProject
Project("{FAE04EC0-301F-11D3-BF4B-00C04F79EFBC}") = "Ordering.API", "Services\Ordering\Ordering.API\Ordering.API.csproj", "{F8131F28-B893-4E58-8C67-223BFB1C3350}"
EndProject
Global
	GlobalSection(SolutionConfigurationPlatforms) = preSolution
		Debug|Any CPU = Debug|Any CPU
		Release|Any CPU = Release|Any CPU
	EndGlobalSection
	GlobalSection(ProjectConfigurationPlatforms) = postSolution
		{FCB594BF-1078-4EC2-8DFE-B49694BE1B93}.Debug|Any CPU.ActiveCfg = Debug|Any CPU
		{FCB594BF-1078-4EC2-8DFE-B49694BE1B93}.Debug|Any CPU.Build.0 = Debug|Any CPU
		{FCB594BF-1078-4EC2-8DFE-B49694BE1B93}.Release|Any CPU.ActiveCfg = Release|Any CPU
		{FCB594BF-1078-4EC2-8DFE-B49694BE1B93}.Release|Any CPU.Build.0 = Release|Any CPU
		{852C93C1-3012-425A-8FD7-59092E7D15AF}.Debug|Any CPU.ActiveCfg = Debug|Any CPU
		{852C93C1-3012-425A-8FD7-59092E7D15AF}.Debug|Any CPU.Build.0 = Debug|Any CPU
		{852C93C1-3012-425A-8FD7-59092E7D15AF}.Release|Any CPU.ActiveCfg = Release|Any CPU
		{852C93C1-3012-425A-8FD7-59092E7D15AF}.Release|Any CPU.Build.0 = Release|Any CPU
		{2902EB92-BB68-4727-8A62-BF09C6C6C780}.Debug|Any CPU.ActiveCfg = Debug|Any CPU
		{2902EB92-BB68-4727-8A62-BF09C6C6C780}.Debug|Any CPU.Build.0 = Debug|Any CPU
		{2902EB92-BB68-4727-8A62-BF09C6C6C780}.Release|Any CPU.ActiveCfg = Release|Any CPU
		{2902EB92-BB68-4727-8A62-BF09C6C6C780}.Release|Any CPU.Build.0 = Release|Any CPU
		{88F310C9-2D83-4989-995F-48161D08B920}.Debug|Any CPU.ActiveCfg = Debug|Any CPU
		{88F310C9-2D83-4989-995F-48161D08B920}.Debug|Any CPU.Build.0 = Debug|Any CPU
		{88F310C9-2D83-4989-995F-48161D08B920}.Release|Any CPU.ActiveCfg = Release|Any CPU
		{88F310C9-2D83-4989-995F-48161D08B920}.Release|Any CPU.Build.0 = Release|Any CPU
		{19C75657-C44F-46D8-BFB2-DFD4B2E60E0F}.Debug|Any CPU.ActiveCfg = Debug|Any CPU
		{19C75657-C44F-46D8-BFB2-DFD4B2E60E0F}.Debug|Any CPU.Build.0 = Debug|Any CPU
		{19C75657-C44F-46D8-BFB2-DFD4B2E60E0F}.Release|Any CPU.ActiveCfg = Release|Any CPU
		{19C75657-C44F-46D8-BFB2-DFD4B2E60E0F}.Release|Any CPU.Build.0 = Release|Any CPU
		{70A581A0-C79B-4C5E-9FD6-B02BD4066777}.Debug|Any CPU.ActiveCfg = Debug|Any CPU
		{70A581A0-C79B-4C5E-9FD6-B02BD4066777}.Debug|Any CPU.Build.0 = Debug|Any CPU
		{70A581A0-C79B-4C5E-9FD6-B02BD4066777}.Release|Any CPU.ActiveCfg = Release|Any CPU
		{70A581A0-C79B-4C5E-9FD6-B02BD4066777}.Release|Any CPU.Build.0 = Release|Any CPU
		{DD8FA82B-4D4F-40AE-A5A0-570ABFF10EE9}.Debug|Any CPU.ActiveCfg = Debug|Any CPU
		{DD8FA82B-4D4F-40AE-A5A0-570ABFF10EE9}.Debug|Any CPU.Build.0 = Debug|Any CPU
		{DD8FA82B-4D4F-40AE-A5A0-570ABFF10EE9}.Release|Any CPU.ActiveCfg = Release|Any CPU
		{DD8FA82B-4D4F-40AE-A5A0-570ABFF10EE9}.Release|Any CPU.Build.0 = Release|Any CPU
		{20242006-A3FA-4B8C-AB98-2CEB40BF57A4}.Debug|Any CPU.ActiveCfg = Debug|Any CPU
		{20242006-A3FA-4B8C-AB98-2CEB40BF57A4}.Debug|Any CPU.Build.0 = Debug|Any CPU
		{20242006-A3FA-4B8C-AB98-2CEB40BF57A4}.Release|Any CPU.ActiveCfg = Release|Any CPU
		{20242006-A3FA-4B8C-AB98-2CEB40BF57A4}.Release|Any CPU.Build.0 = Release|Any CPU
		{A7D6BDC7-B732-4FAF-8CEB-C42E348FF135}.Debug|Any CPU.ActiveCfg = Debug|Any CPU
		{A7D6BDC7-B732-4FAF-8CEB-C42E348FF135}.Debug|Any CPU.Build.0 = Debug|Any CPU
		{A7D6BDC7-B732-4FAF-8CEB-C42E348FF135}.Release|Any CPU.ActiveCfg = Release|Any CPU
		{A7D6BDC7-B732-4FAF-8CEB-C42E348FF135}.Release|Any CPU.Build.0 = Release|Any CPU
		{88286D6A-FD6B-4013-8C4C-DBF3A25F5140}.Debug|Any CPU.ActiveCfg = Debug|Any CPU
		{88286D6A-FD6B-4013-8C4C-DBF3A25F5140}.Debug|Any CPU.Build.0 = Debug|Any CPU
		{88286D6A-FD6B-4013-8C4C-DBF3A25F5140}.Release|Any CPU.ActiveCfg = Release|Any CPU
		{88286D6A-FD6B-4013-8C4C-DBF3A25F5140}.Release|Any CPU.Build.0 = Release|Any CPU
		{F8131F28-B893-4E58-8C67-223BFB1C3350}.Debug|Any CPU.ActiveCfg = Debug|Any CPU
		{F8131F28-B893-4E58-8C67-223BFB1C3350}.Debug|Any CPU.Build.0 = Debug|Any CPU
		{F8131F28-B893-4E58-8C67-223BFB1C3350}.Release|Any CPU.ActiveCfg = Release|Any CPU
		{F8131F28-B893-4E58-8C67-223BFB1C3350}.Release|Any CPU.Build.0 = Release|Any CPU
	EndGlobalSection
	GlobalSection(SolutionProperties) = preSolution
		HideSolutionNode = FALSE
	EndGlobalSection
	GlobalSection(ExtensibilityGlobals) = postSolution
		SolutionGuid = {D477F505-2F12-40AE-B55D-38C2F3E464CE}
	EndGlobalSection
	GlobalSection(NestedProjects) = preSolution
		{9E98C9EF-F2C5-427B-A95A-F0C957271225} = {FA6FC1EB-1DF3-4425-A663-792B6AED8A62}
		{FCB594BF-1078-4EC2-8DFE-B49694BE1B93} = {9E98C9EF-F2C5-427B-A95A-F0C957271225}
		{E80A8CAD-9F44-499B-915A-158CB0BC2963} = {FA6FC1EB-1DF3-4425-A663-792B6AED8A62}
		{2902EB92-BB68-4727-8A62-BF09C6C6C780} = {E80A8CAD-9F44-499B-915A-158CB0BC2963}
		{8984E0FF-700E-48D5-8272-28E211FDC100} = {FA6FC1EB-1DF3-4425-A663-792B6AED8A62}
		{88F310C9-2D83-4989-995F-48161D08B920} = {8984E0FF-700E-48D5-8272-28E211FDC100}
		{D9EFA270-32A8-4E21-A4ED-9A6876900ACF} = {7F231C01-9F2D-4C4E-9822-E786889F001C}
		{A7011819-1D31-4A39-B2E0-22D76667F96D} = {7F231C01-9F2D-4C4E-9822-E786889F001C}
		{19C75657-C44F-46D8-BFB2-DFD4B2E60E0F} = {D9EFA270-32A8-4E21-A4ED-9A6876900ACF}
		{70A581A0-C79B-4C5E-9FD6-B02BD4066777} = {A7011819-1D31-4A39-B2E0-22D76667F96D}
		{DD8FA82B-4D4F-40AE-A5A0-570ABFF10EE9} = {8984E0FF-700E-48D5-8272-28E211FDC100}
		{592A9251-0154-4FBA-AEE2-D21DCB1948AE} = {FA6FC1EB-1DF3-4425-A663-792B6AED8A62}
		{20242006-A3FA-4B8C-AB98-2CEB40BF57A4} = {592A9251-0154-4FBA-AEE2-D21DCB1948AE}
		{A7D6BDC7-B732-4FAF-8CEB-C42E348FF135} = {592A9251-0154-4FBA-AEE2-D21DCB1948AE}
		{88286D6A-FD6B-4013-8C4C-DBF3A25F5140} = {592A9251-0154-4FBA-AEE2-D21DCB1948AE}
		{F8131F28-B893-4E58-8C67-223BFB1C3350} = {592A9251-0154-4FBA-AEE2-D21DCB1948AE}
	EndGlobalSection
EndGlobal
